
Microsoft Visual Studio Solution File, Format Version 12.00
Project("{2150E333-8FDC-42A3-9474-1A3956D46DE8}") = "RoleManagements", "RoleManagements", "{CA85AC55-8212-4053-8C25-F33792C39BBC}"
EndProject
Project("{2150E333-8FDC-42A3-9474-1A3956D46DE8}") = "Users", "Users", "{91F4460A-494A-4FD6-A008-A354632041DE}"
EndProject
Project("{FAE04EC0-301F-11D3-BF4B-00C04F79EFBC}") = "Users.Domain", "Users\Users.Domain\Users.Domain.csproj", "{92DBA7FC-ACF8-4863-AAE4-6169965E14E9}"
EndProject
Project("{FAE04EC0-301F-11D3-BF4B-00C04F79EFBC}") = "RoleManagements.Domain", "RoleManagements\RoleManagements.Domain\RoleManagements.Domain.csproj", "{EF1304F0-190B-4EA8-9B42-7F2F92C213F1}"
EndProject
Project("{2150E333-8FDC-42A3-9474-1A3956D46DE8}") = "Tests", "Tests", "{6367F971-B653-4CCE-851A-D9E5D545C676}"
EndProject
Project("{2150E333-8FDC-42A3-9474-1A3956D46DE8}") = "Tests", "Tests", "{BAC6971C-5F74-443D-AF88-3F0FCC0BE66A}"
EndProject
Project("{FAE04EC0-301F-11D3-BF4B-00C04F79EFBC}") = "Users.Domain.Tests", "Users\Tests\Users.Domain.Tests\Users.Domain.Tests.csproj", "{5C495D58-D76C-45E2-9482-57FA167D8BA3}"
EndProject
Project("{FAE04EC0-301F-11D3-BF4B-00C04F79EFBC}") = "RoleManagements.Domain.Tests", "RoleManagements\Tests\RoleManagements.Domain.Tests\RoleManagements.Domain.Tests.csproj", "{8BDF566E-6B73-469E-9157-9C1026601507}"
EndProject
Project("{2150E333-8FDC-42A3-9474-1A3956D46DE8}") = "Auth", "Auth", "{D5E43B89-A44B-426D-A5B1-3163DC23487A}"
EndProject
Project("{2150E333-8FDC-42A3-9474-1A3956D46DE8}") = "Authentication", "Authentication", "{00B906EA-30DE-4A02-A873-0137C5D2C704}"
EndProject
Project("{2150E333-8FDC-42A3-9474-1A3956D46DE8}") = "Authorization", "Authorization", "{9916B43B-4B86-4312-98A4-564F49A9DC0A}"
EndProject
Project("{FAE04EC0-301F-11D3-BF4B-00C04F79EFBC}") = "Authorization.Domain", "Auth\Authorization\Authorization.Domain\Authorization.Domain.csproj", "{07A583E7-2A6C-4F8A-AD0C-E9CCBBE178E8}"
EndProject
Project("{2150E333-8FDC-42A3-9474-1A3956D46DE8}") = "Tests", "Tests", "{6F9E33DD-E8B0-411E-983B-EBB9C3ACB2DE}"
EndProject
Project("{FAE04EC0-301F-11D3-BF4B-00C04F79EFBC}") = "Authorization.Application", "Auth\Authorization\Authorization.Application\Authorization.Application.csproj", "{C1453CCB-1359-480F-A425-8664912AB9F9}"
EndProject
Project("{FAE04EC0-301F-11D3-BF4B-00C04F79EFBC}") = "Authorization.Infrastructure", "Auth\Authorization\Authorization.Infrastructure\Authorization.Infrastructure.csproj", "{52605267-AB55-41E5-ACF5-C585DB81827D}"
EndProject
Project("{FAE04EC0-301F-11D3-BF4B-00C04F79EFBC}") = "Kundera.Authorization.Abstractions", "Auth\Authorization\Kundera.Authorization.Abstractions\Kundera.Authorization.Abstractions.csproj", "{4176C032-93E3-4005-BD9E-3A9574E1E88D}"
EndProject
Project("{FAE04EC0-301F-11D3-BF4B-00C04F79EFBC}") = "RoleManagement.Application", "RoleManagements\RoleManagement.Application\RoleManagement.Application.csproj", "{3FBE89EB-2A97-47F1-B58E-D86050406BCA}"
EndProject
Project("{FAE04EC0-301F-11D3-BF4B-00C04F79EFBC}") = "RoleManagement.Web.Api", "RoleManagements\RoleManagement.Web.Api\RoleManagement.Web.Api.csproj", "{3EF9AE7C-CA86-4F51-9372-7602AC2F3876}"
EndProject
Project("{FAE04EC0-301F-11D3-BF4B-00C04F79EFBC}") = "Users.Application", "Users\Users.Application\Users.Application.csproj", "{2F13E0FC-BDF2-4E96-B5A7-12CA19E68A54}"
EndProject
Project("{FAE04EC0-301F-11D3-BF4B-00C04F79EFBC}") = "Users.Web.Api", "Users\Users.Web.Api\Users.Web.Api.csproj", "{99F664B7-DAD2-4444-ABFF-3813CBFAABF4}"
EndProject
Project("{FAE04EC0-301F-11D3-BF4B-00C04F79EFBC}") = "RoleManagement.Builder", "RoleManagements\RoleManagement.Builder\RoleManagement.Builder.csproj", "{D0735AB5-9F74-4BF1-9053-2AE759D5824F}"
EndProject
Project("{FAE04EC0-301F-11D3-BF4B-00C04F79EFBC}") = "RoleManagement.Data", "RoleManagements\RoleManagement.Data\RoleManagement.Data.csproj", "{8B6EFEE0-5DBE-4944-86CD-508A7EA2961F}"
EndProject
Project("{FAE04EC0-301F-11D3-BF4B-00C04F79EFBC}") = "RoleManagement.Bootstrap", "RoleManagements\RoleManagement.Bootstrap\RoleManagement.Bootstrap.csproj", "{80396D53-77AA-4C19-901F-C187BDE8C5D3}"
EndProject
Project("{FAE04EC0-301F-11D3-BF4B-00C04F79EFBC}") = "Authentication.Domain", "Auth\Authentication\Authentication.Domain\Authentication.Domain.csproj", "{A12E96B6-E580-4C60-B2B1-23E14EE40F6C}"
EndProject
Project("{FAE04EC0-301F-11D3-BF4B-00C04F79EFBC}") = "Users.Data", "Users\Users.Data\Users.Data.csproj", "{66DD45B0-63BD-47DD-9657-4DB3380F183B}"
EndProject
Project("{2150E333-8FDC-42A3-9474-1A3956D46DE8}") = "Tests", "Tests", "{55D43B61-188B-4819-A379-60AD231205E4}"
EndProject
Project("{FAE04EC0-301F-11D3-BF4B-00C04F79EFBC}") = "Authentication.Domain.Tests", "Auth\Authentication\Tests\Authentication.Domain.Tests\Authentication.Domain.Tests.csproj", "{46A20962-40E7-442D-ADC2-6AF1797241C1}"
EndProject
Project("{FAE04EC0-301F-11D3-BF4B-00C04F79EFBC}") = "Users.Builder", "Users\Users.Builder\Users.Builder.csproj", "{E985002D-7665-452F-85D2-E8A0EDAC374E}"
EndProject
Project("{FAE04EC0-301F-11D3-BF4B-00C04F79EFBC}") = "Users.Bootstrap", "Users\Users.Bootstrap\Users.Bootstrap.csproj", "{9AEB4FC3-CF4E-46ED-A6FE-2CD9372C5972}"
EndProject
Project("{FAE04EC0-301F-11D3-BF4B-00C04F79EFBC}") = "Authentication.Application", "Auth\Authentication\Authentication.Application\Authentication.Application.csproj", "{12B34C7E-9956-44CA-8BEB-06AC74A9D24A}"
EndProject
Project("{FAE04EC0-301F-11D3-BF4B-00C04F79EFBC}") = "Authentication.Infrastructure", "Auth\Authentication\Authentication.Infrastructure\Authentication.Infrastructure.csproj", "{DB9992FB-D4E0-4689-BAD8-8FA524E4828F}"
EndProject
Project("{FAE04EC0-301F-11D3-BF4B-00C04F79EFBC}") = "Authentication.Web.Api", "Auth\Authentication\Authentication.Web.Api\Authentication.Web.Api.csproj", "{460C545A-516E-4E8A-9352-1C35486810E0}"
EndProject
Project("{FAE04EC0-301F-11D3-BF4B-00C04F79EFBC}") = "Authentication.Bootstrap", "Auth\Authentication\Authentication.Bootstrap\Authentication.Bootstrap.csproj", "{E161BB71-4E73-4FB4-B880-942CF119468C}"
EndProject
Global
	GlobalSection(SolutionConfigurationPlatforms) = preSolution
		Debug|Any CPU = Debug|Any CPU
		Release|Any CPU = Release|Any CPU
	EndGlobalSection
	GlobalSection(NestedProjects) = preSolution
		{92DBA7FC-ACF8-4863-AAE4-6169965E14E9} = {91F4460A-494A-4FD6-A008-A354632041DE}
		{EF1304F0-190B-4EA8-9B42-7F2F92C213F1} = {CA85AC55-8212-4053-8C25-F33792C39BBC}
		{6367F971-B653-4CCE-851A-D9E5D545C676} = {91F4460A-494A-4FD6-A008-A354632041DE}
		{BAC6971C-5F74-443D-AF88-3F0FCC0BE66A} = {CA85AC55-8212-4053-8C25-F33792C39BBC}
		{5C495D58-D76C-45E2-9482-57FA167D8BA3} = {6367F971-B653-4CCE-851A-D9E5D545C676}
		{8BDF566E-6B73-469E-9157-9C1026601507} = {BAC6971C-5F74-443D-AF88-3F0FCC0BE66A}
		{00B906EA-30DE-4A02-A873-0137C5D2C704} = {D5E43B89-A44B-426D-A5B1-3163DC23487A}
		{9916B43B-4B86-4312-98A4-564F49A9DC0A} = {D5E43B89-A44B-426D-A5B1-3163DC23487A}
		{07A583E7-2A6C-4F8A-AD0C-E9CCBBE178E8} = {9916B43B-4B86-4312-98A4-564F49A9DC0A}
		{6F9E33DD-E8B0-411E-983B-EBB9C3ACB2DE} = {9916B43B-4B86-4312-98A4-564F49A9DC0A}
		{C1453CCB-1359-480F-A425-8664912AB9F9} = {9916B43B-4B86-4312-98A4-564F49A9DC0A}
		{52605267-AB55-41E5-ACF5-C585DB81827D} = {9916B43B-4B86-4312-98A4-564F49A9DC0A}
		{4176C032-93E3-4005-BD9E-3A9574E1E88D} = {9916B43B-4B86-4312-98A4-564F49A9DC0A}
		{3FBE89EB-2A97-47F1-B58E-D86050406BCA} = {CA85AC55-8212-4053-8C25-F33792C39BBC}
		{3EF9AE7C-CA86-4F51-9372-7602AC2F3876} = {CA85AC55-8212-4053-8C25-F33792C39BBC}
		{2F13E0FC-BDF2-4E96-B5A7-12CA19E68A54} = {91F4460A-494A-4FD6-A008-A354632041DE}
		{D0735AB5-9F74-4BF1-9053-2AE759D5824F} = {CA85AC55-8212-4053-8C25-F33792C39BBC}
		{8B6EFEE0-5DBE-4944-86CD-508A7EA2961F} = {CA85AC55-8212-4053-8C25-F33792C39BBC}
		{80396D53-77AA-4C19-901F-C187BDE8C5D3} = {CA85AC55-8212-4053-8C25-F33792C39BBC}
		{99F664B7-DAD2-4444-ABFF-3813CBFAABF4} = {91F4460A-494A-4FD6-A008-A354632041DE}
		{A12E96B6-E580-4C60-B2B1-23E14EE40F6C} = {00B906EA-30DE-4A02-A873-0137C5D2C704}
		{66DD45B0-63BD-47DD-9657-4DB3380F183B} = {91F4460A-494A-4FD6-A008-A354632041DE}
		{55D43B61-188B-4819-A379-60AD231205E4} = {00B906EA-30DE-4A02-A873-0137C5D2C704}
		{46A20962-40E7-442D-ADC2-6AF1797241C1} = {55D43B61-188B-4819-A379-60AD231205E4}
		{E985002D-7665-452F-85D2-E8A0EDAC374E} = {91F4460A-494A-4FD6-A008-A354632041DE}
		{9AEB4FC3-CF4E-46ED-A6FE-2CD9372C5972} = {91F4460A-494A-4FD6-A008-A354632041DE}
		{12B34C7E-9956-44CA-8BEB-06AC74A9D24A} = {00B906EA-30DE-4A02-A873-0137C5D2C704}
		{DB9992FB-D4E0-4689-BAD8-8FA524E4828F} = {00B906EA-30DE-4A02-A873-0137C5D2C704}
		{460C545A-516E-4E8A-9352-1C35486810E0} = {00B906EA-30DE-4A02-A873-0137C5D2C704}
		{E161BB71-4E73-4FB4-B880-942CF119468C} = {00B906EA-30DE-4A02-A873-0137C5D2C704}
	EndGlobalSection
	GlobalSection(ProjectConfigurationPlatforms) = postSolution
		{92DBA7FC-ACF8-4863-AAE4-6169965E14E9}.Debug|Any CPU.ActiveCfg = Debug|Any CPU
		{92DBA7FC-ACF8-4863-AAE4-6169965E14E9}.Debug|Any CPU.Build.0 = Debug|Any CPU
		{92DBA7FC-ACF8-4863-AAE4-6169965E14E9}.Release|Any CPU.ActiveCfg = Release|Any CPU
		{92DBA7FC-ACF8-4863-AAE4-6169965E14E9}.Release|Any CPU.Build.0 = Release|Any CPU
		{EF1304F0-190B-4EA8-9B42-7F2F92C213F1}.Debug|Any CPU.ActiveCfg = Debug|Any CPU
		{EF1304F0-190B-4EA8-9B42-7F2F92C213F1}.Debug|Any CPU.Build.0 = Debug|Any CPU
		{EF1304F0-190B-4EA8-9B42-7F2F92C213F1}.Release|Any CPU.ActiveCfg = Release|Any CPU
		{EF1304F0-190B-4EA8-9B42-7F2F92C213F1}.Release|Any CPU.Build.0 = Release|Any CPU
		{5C495D58-D76C-45E2-9482-57FA167D8BA3}.Debug|Any CPU.ActiveCfg = Debug|Any CPU
		{5C495D58-D76C-45E2-9482-57FA167D8BA3}.Debug|Any CPU.Build.0 = Debug|Any CPU
		{5C495D58-D76C-45E2-9482-57FA167D8BA3}.Release|Any CPU.ActiveCfg = Release|Any CPU
		{5C495D58-D76C-45E2-9482-57FA167D8BA3}.Release|Any CPU.Build.0 = Release|Any CPU
		{8BDF566E-6B73-469E-9157-9C1026601507}.Debug|Any CPU.ActiveCfg = Debug|Any CPU
		{8BDF566E-6B73-469E-9157-9C1026601507}.Debug|Any CPU.Build.0 = Debug|Any CPU
		{8BDF566E-6B73-469E-9157-9C1026601507}.Release|Any CPU.ActiveCfg = Release|Any CPU
		{8BDF566E-6B73-469E-9157-9C1026601507}.Release|Any CPU.Build.0 = Release|Any CPU
		{07A583E7-2A6C-4F8A-AD0C-E9CCBBE178E8}.Debug|Any CPU.ActiveCfg = Debug|Any CPU
		{07A583E7-2A6C-4F8A-AD0C-E9CCBBE178E8}.Debug|Any CPU.Build.0 = Debug|Any CPU
		{07A583E7-2A6C-4F8A-AD0C-E9CCBBE178E8}.Release|Any CPU.ActiveCfg = Release|Any CPU
		{07A583E7-2A6C-4F8A-AD0C-E9CCBBE178E8}.Release|Any CPU.Build.0 = Release|Any CPU
		{C1453CCB-1359-480F-A425-8664912AB9F9}.Debug|Any CPU.ActiveCfg = Debug|Any CPU
		{C1453CCB-1359-480F-A425-8664912AB9F9}.Debug|Any CPU.Build.0 = Debug|Any CPU
		{C1453CCB-1359-480F-A425-8664912AB9F9}.Release|Any CPU.ActiveCfg = Release|Any CPU
		{C1453CCB-1359-480F-A425-8664912AB9F9}.Release|Any CPU.Build.0 = Release|Any CPU
		{52605267-AB55-41E5-ACF5-C585DB81827D}.Debug|Any CPU.ActiveCfg = Debug|Any CPU
		{52605267-AB55-41E5-ACF5-C585DB81827D}.Debug|Any CPU.Build.0 = Debug|Any CPU
		{52605267-AB55-41E5-ACF5-C585DB81827D}.Release|Any CPU.ActiveCfg = Release|Any CPU
		{52605267-AB55-41E5-ACF5-C585DB81827D}.Release|Any CPU.Build.0 = Release|Any CPU
		{4176C032-93E3-4005-BD9E-3A9574E1E88D}.Debug|Any CPU.ActiveCfg = Debug|Any CPU
		{4176C032-93E3-4005-BD9E-3A9574E1E88D}.Debug|Any CPU.Build.0 = Debug|Any CPU
		{4176C032-93E3-4005-BD9E-3A9574E1E88D}.Release|Any CPU.ActiveCfg = Release|Any CPU
		{4176C032-93E3-4005-BD9E-3A9574E1E88D}.Release|Any CPU.Build.0 = Release|Any CPU
		{3FBE89EB-2A97-47F1-B58E-D86050406BCA}.Debug|Any CPU.ActiveCfg = Debug|Any CPU
		{3FBE89EB-2A97-47F1-B58E-D86050406BCA}.Debug|Any CPU.Build.0 = Debug|Any CPU
		{3FBE89EB-2A97-47F1-B58E-D86050406BCA}.Release|Any CPU.ActiveCfg = Release|Any CPU
		{3FBE89EB-2A97-47F1-B58E-D86050406BCA}.Release|Any CPU.Build.0 = Release|Any CPU
		{3EF9AE7C-CA86-4F51-9372-7602AC2F3876}.Debug|Any CPU.ActiveCfg = Debug|Any CPU
		{3EF9AE7C-CA86-4F51-9372-7602AC2F3876}.Debug|Any CPU.Build.0 = Debug|Any CPU
		{3EF9AE7C-CA86-4F51-9372-7602AC2F3876}.Release|Any CPU.ActiveCfg = Release|Any CPU
		{3EF9AE7C-CA86-4F51-9372-7602AC2F3876}.Release|Any CPU.Build.0 = Release|Any CPU
		{2F13E0FC-BDF2-4E96-B5A7-12CA19E68A54}.Debug|Any CPU.ActiveCfg = Debug|Any CPU
		{2F13E0FC-BDF2-4E96-B5A7-12CA19E68A54}.Debug|Any CPU.Build.0 = Debug|Any CPU
		{2F13E0FC-BDF2-4E96-B5A7-12CA19E68A54}.Release|Any CPU.ActiveCfg = Release|Any CPU
		{2F13E0FC-BDF2-4E96-B5A7-12CA19E68A54}.Release|Any CPU.Build.0 = Release|Any CPU
		{D0735AB5-9F74-4BF1-9053-2AE759D5824F}.Debug|Any CPU.ActiveCfg = Debug|Any CPU
		{D0735AB5-9F74-4BF1-9053-2AE759D5824F}.Debug|Any CPU.Build.0 = Debug|Any CPU
		{D0735AB5-9F74-4BF1-9053-2AE759D5824F}.Release|Any CPU.ActiveCfg = Release|Any CPU
		{D0735AB5-9F74-4BF1-9053-2AE759D5824F}.Release|Any CPU.Build.0 = Release|Any CPU
		{8B6EFEE0-5DBE-4944-86CD-508A7EA2961F}.Debug|Any CPU.ActiveCfg = Debug|Any CPU
		{8B6EFEE0-5DBE-4944-86CD-508A7EA2961F}.Debug|Any CPU.Build.0 = Debug|Any CPU
		{8B6EFEE0-5DBE-4944-86CD-508A7EA2961F}.Release|Any CPU.ActiveCfg = Release|Any CPU
		{8B6EFEE0-5DBE-4944-86CD-508A7EA2961F}.Release|Any CPU.Build.0 = Release|Any CPU
		{80396D53-77AA-4C19-901F-C187BDE8C5D3}.Debug|Any CPU.ActiveCfg = Debug|Any CPU
		{80396D53-77AA-4C19-901F-C187BDE8C5D3}.Debug|Any CPU.Build.0 = Debug|Any CPU
		{80396D53-77AA-4C19-901F-C187BDE8C5D3}.Release|Any CPU.ActiveCfg = Release|Any CPU
		{80396D53-77AA-4C19-901F-C187BDE8C5D3}.Release|Any CPU.Build.0 = Release|Any CPU
		{99F664B7-DAD2-4444-ABFF-3813CBFAABF4}.Debug|Any CPU.ActiveCfg = Debug|Any CPU
		{99F664B7-DAD2-4444-ABFF-3813CBFAABF4}.Debug|Any CPU.Build.0 = Debug|Any CPU
		{99F664B7-DAD2-4444-ABFF-3813CBFAABF4}.Release|Any CPU.ActiveCfg = Release|Any CPU
		{99F664B7-DAD2-4444-ABFF-3813CBFAABF4}.Release|Any CPU.Build.0 = Release|Any CPU
		{A12E96B6-E580-4C60-B2B1-23E14EE40F6C}.Debug|Any CPU.ActiveCfg = Debug|Any CPU
		{A12E96B6-E580-4C60-B2B1-23E14EE40F6C}.Debug|Any CPU.Build.0 = Debug|Any CPU
		{A12E96B6-E580-4C60-B2B1-23E14EE40F6C}.Release|Any CPU.ActiveCfg = Release|Any CPU
		{A12E96B6-E580-4C60-B2B1-23E14EE40F6C}.Release|Any CPU.Build.0 = Release|Any CPU
		{66DD45B0-63BD-47DD-9657-4DB3380F183B}.Debug|Any CPU.ActiveCfg = Debug|Any CPU
		{66DD45B0-63BD-47DD-9657-4DB3380F183B}.Debug|Any CPU.Build.0 = Debug|Any CPU
		{66DD45B0-63BD-47DD-9657-4DB3380F183B}.Release|Any CPU.ActiveCfg = Release|Any CPU
		{66DD45B0-63BD-47DD-9657-4DB3380F183B}.Release|Any CPU.Build.0 = Release|Any CPU
		{46A20962-40E7-442D-ADC2-6AF1797241C1}.Debug|Any CPU.ActiveCfg = Debug|Any CPU
		{46A20962-40E7-442D-ADC2-6AF1797241C1}.Debug|Any CPU.Build.0 = Debug|Any CPU
		{46A20962-40E7-442D-ADC2-6AF1797241C1}.Release|Any CPU.ActiveCfg = Release|Any CPU
		{46A20962-40E7-442D-ADC2-6AF1797241C1}.Release|Any CPU.Build.0 = Release|Any CPU
		{E985002D-7665-452F-85D2-E8A0EDAC374E}.Debug|Any CPU.ActiveCfg = Debug|Any CPU
		{E985002D-7665-452F-85D2-E8A0EDAC374E}.Debug|Any CPU.Build.0 = Debug|Any CPU
		{E985002D-7665-452F-85D2-E8A0EDAC374E}.Release|Any CPU.ActiveCfg = Release|Any CPU
		{E985002D-7665-452F-85D2-E8A0EDAC374E}.Release|Any CPU.Build.0 = Release|Any CPU
		{9AEB4FC3-CF4E-46ED-A6FE-2CD9372C5972}.Debug|Any CPU.ActiveCfg = Debug|Any CPU
		{9AEB4FC3-CF4E-46ED-A6FE-2CD9372C5972}.Debug|Any CPU.Build.0 = Debug|Any CPU
		{9AEB4FC3-CF4E-46ED-A6FE-2CD9372C5972}.Release|Any CPU.ActiveCfg = Release|Any CPU
		{9AEB4FC3-CF4E-46ED-A6FE-2CD9372C5972}.Release|Any CPU.Build.0 = Release|Any CPU
		{12B34C7E-9956-44CA-8BEB-06AC74A9D24A}.Debug|Any CPU.ActiveCfg = Debug|Any CPU
		{12B34C7E-9956-44CA-8BEB-06AC74A9D24A}.Debug|Any CPU.Build.0 = Debug|Any CPU
		{12B34C7E-9956-44CA-8BEB-06AC74A9D24A}.Release|Any CPU.ActiveCfg = Release|Any CPU
		{12B34C7E-9956-44CA-8BEB-06AC74A9D24A}.Release|Any CPU.Build.0 = Release|Any CPU
		{DB9992FB-D4E0-4689-BAD8-8FA524E4828F}.Debug|Any CPU.ActiveCfg = Debug|Any CPU
		{DB9992FB-D4E0-4689-BAD8-8FA524E4828F}.Debug|Any CPU.Build.0 = Debug|Any CPU
		{DB9992FB-D4E0-4689-BAD8-8FA524E4828F}.Release|Any CPU.ActiveCfg = Release|Any CPU
		{DB9992FB-D4E0-4689-BAD8-8FA524E4828F}.Release|Any CPU.Build.0 = Release|Any CPU
		{460C545A-516E-4E8A-9352-1C35486810E0}.Debug|Any CPU.ActiveCfg = Debug|Any CPU
		{460C545A-516E-4E8A-9352-1C35486810E0}.Debug|Any CPU.Build.0 = Debug|Any CPU
		{460C545A-516E-4E8A-9352-1C35486810E0}.Release|Any CPU.ActiveCfg = Release|Any CPU
		{460C545A-516E-4E8A-9352-1C35486810E0}.Release|Any CPU.Build.0 = Release|Any CPU
		{E161BB71-4E73-4FB4-B880-942CF119468C}.Debug|Any CPU.ActiveCfg = Debug|Any CPU
		{E161BB71-4E73-4FB4-B880-942CF119468C}.Debug|Any CPU.Build.0 = Debug|Any CPU
		{E161BB71-4E73-4FB4-B880-942CF119468C}.Release|Any CPU.ActiveCfg = Release|Any CPU
		{E161BB71-4E73-4FB4-B880-942CF119468C}.Release|Any CPU.Build.0 = Release|Any CPU
	EndGlobalSection
EndGlobal
