
Microsoft Visual Studio Solution File, Format Version 12.00
Project("{2150E333-8FDC-42A3-9474-1A3956D46DE8}") = "Auth", "Auth", "{D5E43B89-A44B-426D-A5B1-3163DC23487A}"
EndProject
Project("{FAE04EC0-301F-11D3-BF4B-00C04F79EFBC}") = "Web.Api", "Web.Api\Web.Api.csproj", "{C4D70B0B-7656-4387-8AB2-AFFD9E97185E}"
EndProject
Project("{FAE04EC0-301F-11D3-BF4B-00C04F79EFBC}") = "Bootstrap", "Bootstrap\Bootstrap.csproj", "{86CB42C2-A11C-4AF8-8367-BD46AA0A2A96}"
EndProject
Project("{FAE04EC0-301F-11D3-BF4B-00C04F79EFBC}") = "Domain", "Domain\Domain.csproj", "{7CDEA9E7-1063-41B8-A6DB-6CE334109E62}"
EndProject
Project("{FAE04EC0-301F-11D3-BF4B-00C04F79EFBC}") = "Application", "Application\Application.csproj", "{A005589D-4C38-47C3-8F2A-586BEAF23202}"
EndProject
Project("{FAE04EC0-301F-11D3-BF4B-00C04F79EFBC}") = "Data.Redis", "Data.Redis\Data.Redis.csproj", "{6D63F88D-3955-4BA6-BAC4-8EFF00B73B62}"
EndProject
Project("{FAE04EC0-301F-11D3-BF4B-00C04F79EFBC}") = "Builder", "Builder\Builder.csproj", "{FD7EA290-5CCD-4260-9100-E4AEFE9EBD5D}"
EndProject
Project("{FAE04EC0-301F-11D3-BF4B-00C04F79EFBC}") = "Auth.Domain", "Auth\Auth.Domain\Auth.Domain.csproj", "{A9459A7A-F6D6-4B79-8A30-C6E162228558}"
EndProject
Project("{FAE04EC0-301F-11D3-BF4B-00C04F79EFBC}") = "Auth.Application", "Auth\Auth.Application\Auth.Application.csproj", "{B4BC4B04-1764-42F1-B4C8-ADDD4398DAAE}"
EndProject
Project("{FAE04EC0-301F-11D3-BF4B-00C04F79EFBC}") = "Auth.Infrastructure", "Auth\Auth.Infrastructure\Auth.Infrastructure.csproj", "{949FA936-6BC0-42FE-8504-6E1C152AFB83}"
EndProject
Project("{FAE04EC0-301F-11D3-BF4B-00C04F79EFBC}") = "Authentication.Data.Redis", "Auth\Authentication.Data.Redis\Authentication.Data.Redis.csproj", "{EFE53EB2-C83B-4111-B57B-1A69F19A6056}"
EndProject
Project("{FAE04EC0-301F-11D3-BF4B-00C04F79EFBC}") = "Authorization.Data.Redis", "Auth\Authorization.Data.Redis\Authorization.Data.Redis.csproj", "{8270E9EB-E9D2-43F2-ACD7-18FBDE8DB285}"
EndProject
Project("{2150E333-8FDC-42A3-9474-1A3956D46DE8}") = "Data", "Data", "{B7F5CCB4-283B-498F-ABBA-2B5A19E41B90}"
EndProject
Global
	GlobalSection(SolutionConfigurationPlatforms) = preSolution
		Debug|Any CPU = Debug|Any CPU
		Release|Any CPU = Release|Any CPU
	EndGlobalSection
	GlobalSection(NestedProjects) = preSolution
		{A9459A7A-F6D6-4B79-8A30-C6E162228558} = {D5E43B89-A44B-426D-A5B1-3163DC23487A}
		{B4BC4B04-1764-42F1-B4C8-ADDD4398DAAE} = {D5E43B89-A44B-426D-A5B1-3163DC23487A}
		{949FA936-6BC0-42FE-8504-6E1C152AFB83} = {D5E43B89-A44B-426D-A5B1-3163DC23487A}
		{B7F5CCB4-283B-498F-ABBA-2B5A19E41B90} = {D5E43B89-A44B-426D-A5B1-3163DC23487A}
		{EFE53EB2-C83B-4111-B57B-1A69F19A6056} = {B7F5CCB4-283B-498F-ABBA-2B5A19E41B90}
		{8270E9EB-E9D2-43F2-ACD7-18FBDE8DB285} = {B7F5CCB4-283B-498F-ABBA-2B5A19E41B90}
	EndGlobalSection
	GlobalSection(ProjectConfigurationPlatforms) = postSolution
		{C4D70B0B-7656-4387-8AB2-AFFD9E97185E}.Debug|Any CPU.ActiveCfg = Debug|Any CPU
		{C4D70B0B-7656-4387-8AB2-AFFD9E97185E}.Debug|Any CPU.Build.0 = Debug|Any CPU
		{C4D70B0B-7656-4387-8AB2-AFFD9E97185E}.Release|Any CPU.ActiveCfg = Release|Any CPU
		{C4D70B0B-7656-4387-8AB2-AFFD9E97185E}.Release|Any CPU.Build.0 = Release|Any CPU
		{86CB42C2-A11C-4AF8-8367-BD46AA0A2A96}.Debug|Any CPU.ActiveCfg = Debug|Any CPU
		{86CB42C2-A11C-4AF8-8367-BD46AA0A2A96}.Debug|Any CPU.Build.0 = Debug|Any CPU
		{86CB42C2-A11C-4AF8-8367-BD46AA0A2A96}.Release|Any CPU.ActiveCfg = Release|Any CPU
		{86CB42C2-A11C-4AF8-8367-BD46AA0A2A96}.Release|Any CPU.Build.0 = Release|Any CPU
		{7CDEA9E7-1063-41B8-A6DB-6CE334109E62}.Debug|Any CPU.ActiveCfg = Debug|Any CPU
		{7CDEA9E7-1063-41B8-A6DB-6CE334109E62}.Debug|Any CPU.Build.0 = Debug|Any CPU
		{7CDEA9E7-1063-41B8-A6DB-6CE334109E62}.Release|Any CPU.ActiveCfg = Release|Any CPU
		{7CDEA9E7-1063-41B8-A6DB-6CE334109E62}.Release|Any CPU.Build.0 = Release|Any CPU
		{A005589D-4C38-47C3-8F2A-586BEAF23202}.Debug|Any CPU.ActiveCfg = Debug|Any CPU
		{A005589D-4C38-47C3-8F2A-586BEAF23202}.Debug|Any CPU.Build.0 = Debug|Any CPU
		{A005589D-4C38-47C3-8F2A-586BEAF23202}.Release|Any CPU.ActiveCfg = Release|Any CPU
		{A005589D-4C38-47C3-8F2A-586BEAF23202}.Release|Any CPU.Build.0 = Release|Any CPU
		{6D63F88D-3955-4BA6-BAC4-8EFF00B73B62}.Debug|Any CPU.ActiveCfg = Debug|Any CPU
		{6D63F88D-3955-4BA6-BAC4-8EFF00B73B62}.Debug|Any CPU.Build.0 = Debug|Any CPU
		{6D63F88D-3955-4BA6-BAC4-8EFF00B73B62}.Release|Any CPU.ActiveCfg = Release|Any CPU
		{6D63F88D-3955-4BA6-BAC4-8EFF00B73B62}.Release|Any CPU.Build.0 = Release|Any CPU
		{FD7EA290-5CCD-4260-9100-E4AEFE9EBD5D}.Debug|Any CPU.ActiveCfg = Debug|Any CPU
		{FD7EA290-5CCD-4260-9100-E4AEFE9EBD5D}.Debug|Any CPU.Build.0 = Debug|Any CPU
		{FD7EA290-5CCD-4260-9100-E4AEFE9EBD5D}.Release|Any CPU.ActiveCfg = Release|Any CPU
		{FD7EA290-5CCD-4260-9100-E4AEFE9EBD5D}.Release|Any CPU.Build.0 = Release|Any CPU
		{A9459A7A-F6D6-4B79-8A30-C6E162228558}.Debug|Any CPU.ActiveCfg = Debug|Any CPU
		{A9459A7A-F6D6-4B79-8A30-C6E162228558}.Debug|Any CPU.Build.0 = Debug|Any CPU
		{A9459A7A-F6D6-4B79-8A30-C6E162228558}.Release|Any CPU.ActiveCfg = Release|Any CPU
		{A9459A7A-F6D6-4B79-8A30-C6E162228558}.Release|Any CPU.Build.0 = Release|Any CPU
		{B4BC4B04-1764-42F1-B4C8-ADDD4398DAAE}.Debug|Any CPU.ActiveCfg = Debug|Any CPU
		{B4BC4B04-1764-42F1-B4C8-ADDD4398DAAE}.Debug|Any CPU.Build.0 = Debug|Any CPU
		{B4BC4B04-1764-42F1-B4C8-ADDD4398DAAE}.Release|Any CPU.ActiveCfg = Release|Any CPU
		{B4BC4B04-1764-42F1-B4C8-ADDD4398DAAE}.Release|Any CPU.Build.0 = Release|Any CPU
		{949FA936-6BC0-42FE-8504-6E1C152AFB83}.Debug|Any CPU.ActiveCfg = Debug|Any CPU
		{949FA936-6BC0-42FE-8504-6E1C152AFB83}.Debug|Any CPU.Build.0 = Debug|Any CPU
		{949FA936-6BC0-42FE-8504-6E1C152AFB83}.Release|Any CPU.ActiveCfg = Release|Any CPU
		{949FA936-6BC0-42FE-8504-6E1C152AFB83}.Release|Any CPU.Build.0 = Release|Any CPU
		{EFE53EB2-C83B-4111-B57B-1A69F19A6056}.Debug|Any CPU.ActiveCfg = Debug|Any CPU
		{EFE53EB2-C83B-4111-B57B-1A69F19A6056}.Debug|Any CPU.Build.0 = Debug|Any CPU
		{EFE53EB2-C83B-4111-B57B-1A69F19A6056}.Release|Any CPU.ActiveCfg = Release|Any CPU
		{EFE53EB2-C83B-4111-B57B-1A69F19A6056}.Release|Any CPU.Build.0 = Release|Any CPU
		{8270E9EB-E9D2-43F2-ACD7-18FBDE8DB285}.Debug|Any CPU.ActiveCfg = Debug|Any CPU
		{8270E9EB-E9D2-43F2-ACD7-18FBDE8DB285}.Debug|Any CPU.Build.0 = Debug|Any CPU
		{8270E9EB-E9D2-43F2-ACD7-18FBDE8DB285}.Release|Any CPU.ActiveCfg = Release|Any CPU
		{8270E9EB-E9D2-43F2-ACD7-18FBDE8DB285}.Release|Any CPU.Build.0 = Release|Any CPU
	EndGlobalSection
EndGlobal
