
Microsoft Visual Studio Solution File, Format Version 12.00
Project("{FAE04EC0-301F-11D3-BF4B-00C04F79EFBC}") = "Core", "Core\Core.csproj", "{7CDEA9E7-1063-41B8-A6DB-6CE334109E62}"
EndProject
Project("{FAE04EC0-301F-11D3-BF4B-00C04F79EFBC}") = "Application", "Application\Application.csproj", "{A005589D-4C38-47C3-8F2A-586BEAF23202}"
EndProject
Project("{FAE04EC0-301F-11D3-BF4B-00C04F79EFBC}") = "Data.Redis", "Data.Redis\Data.Redis.csproj", "{6D63F88D-3955-4BA6-BAC4-8EFF00B73B62}"
EndProject
Project("{FAE04EC0-301F-11D3-BF4B-00C04F79EFBC}") = "Builder", "Builder\Builder.csproj", "{FD7EA290-5CCD-4260-9100-E4AEFE9EBD5D}"
EndProject
Project("{FAE04EC0-301F-11D3-BF4B-00C04F79EFBC}") = "Web.Api", "Web.Api\Web.Api.csproj", "{EC0D41CA-76D1-42D6-9C66-93777E42E850}"
EndProject
Project("{FAE04EC0-301F-11D3-BF4B-00C04F79EFBC}") = "Data.Seeder", "Data.Seeder\Data.Seeder.csproj", "{DFA12D4A-8C91-4FDC-B40F-D7EBD96BD6E4}"
EndProject
Project("{2150E333-8FDC-42A3-9474-1A3956D46DE8}") = "Docker", "Docker", "{6CCE08D0-8C51-41CC-BD68-E9C1EE40588A}"
	ProjectSection(SolutionItems) = preProject
		Dockerfile = Dockerfile
		docker-compose.yml = docker-compose.yml
		.dockerignore = .dockerignore
	EndProjectSection
EndProject
Global
	GlobalSection(SolutionConfigurationPlatforms) = preSolution
		Debug|Any CPU = Debug|Any CPU
		Release|Any CPU = Release|Any CPU
	EndGlobalSection
	GlobalSection(NestedProjects) = preSolution
	EndGlobalSection
	GlobalSection(ProjectConfigurationPlatforms) = postSolution
		{7CDEA9E7-1063-41B8-A6DB-6CE334109E62}.Debug|Any CPU.ActiveCfg = Debug|Any CPU
		{7CDEA9E7-1063-41B8-A6DB-6CE334109E62}.Debug|Any CPU.Build.0 = Debug|Any CPU
		{7CDEA9E7-1063-41B8-A6DB-6CE334109E62}.Release|Any CPU.ActiveCfg = Release|Any CPU
		{7CDEA9E7-1063-41B8-A6DB-6CE334109E62}.Release|Any CPU.Build.0 = Release|Any CPU
		{A005589D-4C38-47C3-8F2A-586BEAF23202}.Debug|Any CPU.ActiveCfg = Debug|Any CPU
		{A005589D-4C38-47C3-8F2A-586BEAF23202}.Debug|Any CPU.Build.0 = Debug|Any CPU
		{A005589D-4C38-47C3-8F2A-586BEAF23202}.Release|Any CPU.ActiveCfg = Release|Any CPU
		{A005589D-4C38-47C3-8F2A-586BEAF23202}.Release|Any CPU.Build.0 = Release|Any CPU
		{6D63F88D-3955-4BA6-BAC4-8EFF00B73B62}.Debug|Any CPU.ActiveCfg = Debug|Any CPU
		{6D63F88D-3955-4BA6-BAC4-8EFF00B73B62}.Debug|Any CPU.Build.0 = Debug|Any CPU
		{6D63F88D-3955-4BA6-BAC4-8EFF00B73B62}.Release|Any CPU.ActiveCfg = Release|Any CPU
		{6D63F88D-3955-4BA6-BAC4-8EFF00B73B62}.Release|Any CPU.Build.0 = Release|Any CPU
		{FD7EA290-5CCD-4260-9100-E4AEFE9EBD5D}.Debug|Any CPU.ActiveCfg = Debug|Any CPU
		{FD7EA290-5CCD-4260-9100-E4AEFE9EBD5D}.Debug|Any CPU.Build.0 = Debug|Any CPU
		{FD7EA290-5CCD-4260-9100-E4AEFE9EBD5D}.Release|Any CPU.ActiveCfg = Release|Any CPU
		{FD7EA290-5CCD-4260-9100-E4AEFE9EBD5D}.Release|Any CPU.Build.0 = Release|Any CPU
		{EC0D41CA-76D1-42D6-9C66-93777E42E850}.Debug|Any CPU.ActiveCfg = Debug|Any CPU
		{EC0D41CA-76D1-42D6-9C66-93777E42E850}.Debug|Any CPU.Build.0 = Debug|Any CPU
		{EC0D41CA-76D1-42D6-9C66-93777E42E850}.Release|Any CPU.ActiveCfg = Release|Any CPU
		{EC0D41CA-76D1-42D6-9C66-93777E42E850}.Release|Any CPU.Build.0 = Release|Any CPU
		{DFA12D4A-8C91-4FDC-B40F-D7EBD96BD6E4}.Debug|Any CPU.ActiveCfg = Debug|Any CPU
		{DFA12D4A-8C91-4FDC-B40F-D7EBD96BD6E4}.Debug|Any CPU.Build.0 = Debug|Any CPU
		{DFA12D4A-8C91-4FDC-B40F-D7EBD96BD6E4}.Release|Any CPU.ActiveCfg = Release|Any CPU
		{DFA12D4A-8C91-4FDC-B40F-D7EBD96BD6E4}.Release|Any CPU.Build.0 = Release|Any CPU
	EndGlobalSection
EndGlobal
